
Microsoft Visual Studio Solution File, Format Version 12.00
# Visual Studio Version 17
VisualStudioVersion = 17.7.34024.191
MinimumVisualStudioVersion = 10.0.40219.1
Project("{FAE04EC0-301F-11D3-BF4B-00C04F79EFBC}") = "Api", "Api\Api.csproj", "{80DD384E-E51A-42B7-8289-991980F6EE98}"
EndProject
Global
	GlobalSection(SolutionConfigurationPlatforms) = preSolution
		Debug|Any CPU = Debug|Any CPU
		Release|Any CPU = Release|Any CPU
	EndGlobalSection
	GlobalSection(ProjectConfigurationPlatforms) = postSolution
		{80DD384E-E51A-42B7-8289-991980F6EE98}.Debug|Any CPU.ActiveCfg = Debug|Any CPU
		{80DD384E-E51A-42B7-8289-991980F6EE98}.Debug|Any CPU.Build.0 = Debug|Any CPU
		{80DD384E-E51A-42B7-8289-991980F6EE98}.Release|Any CPU.ActiveCfg = Release|Any CPU
		{80DD384E-E51A-42B7-8289-991980F6EE98}.Release|Any CPU.Build.0 = Release|Any CPU
	EndGlobalSection
	GlobalSection(SolutionProperties) = preSolution
		HideSolutionNode = FALSE
	EndGlobalSection
	GlobalSection(ExtensibilityGlobals) = postSolution
		SolutionGuid = {A8185D20-7886-42B6-A27D-C0EFFD3CE748}
	EndGlobalSection
EndGlobal
